<?xml version="1.0" encoding="UTF-8"?>
<CodeBlocks_project_file>
	<FileVersion major="1" minor="6"/>
	<Project>
		<Option title="rpi_test_project"/>
		<Option makefile_is_custom="1"/>
		<Option compiler="gcc"/>
		<Option virtualFolders="CMake Files\;"/>
		<Build>
			<Target title="all">
				<Option working_dir="/Users/Nikita/Github/ECE5725/final_project/rpi_test_project/scripts"/>
				<Option type="4"/>
				<MakeCommands>
					<Build command="/usr/bin/make -j8 -f &quot;/Users/Nikita/Github/ECE5725/final_project/rpi_test_project/scripts/Makefile&quot;  VERBOSE=1 all"/>
					<CompileFile command="/usr/bin/make -j8 -f &quot;/Users/Nikita/Github/ECE5725/final_project/rpi_test_project/scripts/Makefile&quot;  VERBOSE=1 &quot;$file&quot;"/>
					<Clean command="/usr/bin/make -j8 -f &quot;/Users/Nikita/Github/ECE5725/final_project/rpi_test_project/scripts/Makefile&quot;  VERBOSE=1 clean"/>
					<DistClean command="/usr/bin/make -j8 -f &quot;/Users/Nikita/Github/ECE5725/final_project/rpi_test_project/scripts/Makefile&quot;  VERBOSE=1 clean"/>
				</MakeCommands>
			</Target>
			<Target title="edit_cache">
				<Option working_dir="/Users/Nikita/Github/ECE5725/final_project/rpi_test_project/scripts"/>
				<Option type="4"/>
				<MakeCommands>
					<Build command="/usr/bin/make -j8 -f &quot;/Users/Nikita/Github/ECE5725/final_project/rpi_test_project/scripts/Makefile&quot;  VERBOSE=1 edit_cache"/>
					<CompileFile command="/usr/bin/make -j8 -f &quot;/Users/Nikita/Github/ECE5725/final_project/rpi_test_project/scripts/Makefile&quot;  VERBOSE=1 &quot;$file&quot;"/>
					<Clean command="/usr/bin/make -j8 -f &quot;/Users/Nikita/Github/ECE5725/final_project/rpi_test_project/scripts/Makefile&quot;  VERBOSE=1 clean"/>
					<DistClean command="/usr/bin/make -j8 -f &quot;/Users/Nikita/Github/ECE5725/final_project/rpi_test_project/scripts/Makefile&quot;  VERBOSE=1 clean"/>
				</MakeCommands>
			</Target>
			<Target title="rebuild_cache">
				<Option working_dir="/Users/Nikita/Github/ECE5725/final_project/rpi_test_project/scripts"/>
				<Option type="4"/>
				<MakeCommands>
					<Build command="/usr/bin/make -j8 -f &quot;/Users/Nikita/Github/ECE5725/final_project/rpi_test_project/scripts/Makefile&quot;  VERBOSE=1 rebuild_cache"/>
					<CompileFile command="/usr/bin/make -j8 -f &quot;/Users/Nikita/Github/ECE5725/final_project/rpi_test_project/scripts/Makefile&quot;  VERBOSE=1 &quot;$file&quot;"/>
					<Clean command="/usr/bin/make -j8 -f &quot;/Users/Nikita/Github/ECE5725/final_project/rpi_test_project/scripts/Makefile&quot;  VERBOSE=1 clean"/>
					<DistClean command="/usr/bin/make -j8 -f &quot;/Users/Nikita/Github/ECE5725/final_project/rpi_test_project/scripts/Makefile&quot;  VERBOSE=1 clean"/>
				</MakeCommands>
			</Target>
			<Target title="rpi_test_project">
				<Option output="/Users/Nikita/Github/ECE5725/final_project/rpi_test_project/scripts/rpi_test_project" prefix_auto="0" extension_auto="0"/>
				<Option working_dir="/Users/Nikita/Github/ECE5725/final_project/rpi_test_project/scripts"/>
				<Option object_output="./"/>
				<Option type="1"/>
				<Option compiler="gcc"/>
				<Compiler>
					<Add option="-DRPI2=1"/>
					<Add directory="/usr/local/gcc-arm-none-eabi-4_7-2013q3/bin/../lib/gcc/arm-none-eabi/4.7.4/include"/>
					<Add directory="/usr/local/gcc-arm-none-eabi-4_7-2013q3/bin/../lib/gcc/arm-none-eabi/4.7.4/include-fixed"/>
					<Add directory="/usr/local/gcc-arm-none-eabi-4_7-2013q3/bin/../lib/gcc/arm-none-eabi/4.7.4/../../../../arm-none-eabi/include"/>
				</Compiler>
				<MakeCommands>
					<Build command="/usr/bin/make -j8 -f &quot;/Users/Nikita/Github/ECE5725/final_project/rpi_test_project/scripts/Makefile&quot;  VERBOSE=1 rpi_test_project"/>
					<CompileFile command="/usr/bin/make -j8 -f &quot;/Users/Nikita/Github/ECE5725/final_project/rpi_test_project/scripts/Makefile&quot;  VERBOSE=1 &quot;$file&quot;"/>
					<Clean command="/usr/bin/make -j8 -f &quot;/Users/Nikita/Github/ECE5725/final_project/rpi_test_project/scripts/Makefile&quot;  VERBOSE=1 clean"/>
					<DistClean command="/usr/bin/make -j8 -f &quot;/Users/Nikita/Github/ECE5725/final_project/rpi_test_project/scripts/Makefile&quot;  VERBOSE=1 clean"/>
				</MakeCommands>
			</Target>
			<Target title="rpi_test_project/fast">
				<Option output="/Users/Nikita/Github/ECE5725/final_project/rpi_test_project/scripts/rpi_test_project" prefix_auto="0" extension_auto="0"/>
				<Option working_dir="/Users/Nikita/Github/ECE5725/final_project/rpi_test_project/scripts"/>
				<Option object_output="./"/>
				<Option type="1"/>
				<Option compiler="gcc"/>
				<Compiler>
					<Add option="-DRPI2=1"/>
					<Add directory="/usr/local/gcc-arm-none-eabi-4_7-2013q3/bin/../lib/gcc/arm-none-eabi/4.7.4/include"/>
					<Add directory="/usr/local/gcc-arm-none-eabi-4_7-2013q3/bin/../lib/gcc/arm-none-eabi/4.7.4/include-fixed"/>
					<Add directory="/usr/local/gcc-arm-none-eabi-4_7-2013q3/bin/../lib/gcc/arm-none-eabi/4.7.4/../../../../arm-none-eabi/include"/>
				</Compiler>
				<MakeCommands>
					<Build command="/usr/bin/make -j8 -f &quot;/Users/Nikita/Github/ECE5725/final_project/rpi_test_project/scripts/Makefile&quot;  VERBOSE=1 rpi_test_project/fast"/>
					<CompileFile command="/usr/bin/make -j8 -f &quot;/Users/Nikita/Github/ECE5725/final_project/rpi_test_project/scripts/Makefile&quot;  VERBOSE=1 &quot;$file&quot;"/>
					<Clean command="/usr/bin/make -j8 -f &quot;/Users/Nikita/Github/ECE5725/final_project/rpi_test_project/scripts/Makefile&quot;  VERBOSE=1 clean"/>
					<DistClean command="/usr/bin/make -j8 -f &quot;/Users/Nikita/Github/ECE5725/final_project/rpi_test_project/scripts/Makefile&quot;  VERBOSE=1 clean"/>
				</MakeCommands>
			</Target>
		</Build>
		<Unit filename="/Users/Nikita/Github/ECE5725/final_project/rpi_test_project/cstartup.c">
			<Option target="rpi_test_project"/>
		</Unit>
		<Unit filename="/Users/Nikita/Github/ECE5725/final_project/rpi_test_project/cstubs.c">
			<Option target="rpi_test_project"/>
		</Unit>
		<Unit filename="/Users/Nikita/Github/ECE5725/final_project/rpi_test_project/main.c">
			<Option target="rpi_test_project"/>
		</Unit>
		<Unit filename="/Users/Nikita/Github/ECE5725/final_project/rpi_test_project/rpi-armtimer.c">
			<Option target="rpi_test_project"/>
		</Unit>
		<Unit filename="/Users/Nikita/Github/ECE5725/final_project/rpi_test_project/rpi-armtimer.h">
			<Option target="rpi_test_project"/>
		</Unit>
		<Unit filename="/Users/Nikita/Github/ECE5725/final_project/rpi_test_project/rpi-base.h">
			<Option target="rpi_test_project"/>
		</Unit>
		<Unit filename="/Users/Nikita/Github/ECE5725/final_project/rpi_test_project/rpi-gpio.c">
			<Option target="rpi_test_project"/>
		</Unit>
		<Unit filename="/Users/Nikita/Github/ECE5725/final_project/rpi_test_project/rpi-gpio.h">
			<Option target="rpi_test_project"/>
		</Unit>
		<Unit filename="/Users/Nikita/Github/ECE5725/final_project/rpi_test_project/rpi-interrupts.c">
			<Option target="rpi_test_project"/>
		</Unit>
		<Unit filename="/Users/Nikita/Github/ECE5725/final_project/rpi_test_project/rpi-interrupts.h">
			<Option target="rpi_test_project"/>
		</Unit>
		<Unit filename="/Users/Nikita/Github/ECE5725/final_project/rpi_test_project/rpi-systimer.c">
			<Option target="rpi_test_project"/>
		</Unit>
		<Unit filename="/Users/Nikita/Github/ECE5725/final_project/rpi_test_project/rpi-systimer.h">
			<Option target="rpi_test_project"/>
		</Unit>
		<Unit filename="/Users/Nikita/Github/ECE5725/final_project/rpi_test_project/start.S">
			<Option target="rpi_test_project"/>
		</Unit>
		<Unit filename="/Users/Nikita/Github/ECE5725/final_project/rpi_test_project/CMakeLists.txt">
			<Option virtualFolder="CMake Files\"/>
		</Unit>
		<Unit filename="/Users/Nikita/Github/ECE5725/final_project/rpi_test_project/toolchain-arm-none-eabi-rpi2.cmake">
			<Option virtualFolder="CMake Files\"/>
		</Unit>
	</Project>
</CodeBlocks_project_file>
